
Microsoft Visual Studio Solution File, Format Version 12.00
# Visual Studio Version 17
VisualStudioVersion = 17.3.32804.467
MinimumVisualStudioVersion = 10.0.40219.1
Project("{FAE04EC0-301F-11D3-BF4B-00C04F79EFBC}") = "Controller_Api", "Controller_Api\Controller_Api.csproj", "{FCA980DD-333E-40A0-A36F-A6B3CD65D0C1}"
EndProject
Global
	GlobalSection(SolutionConfigurationPlatforms) = preSolution
		Debug|Any CPU = Debug|Any CPU
		Release|Any CPU = Release|Any CPU
	EndGlobalSection
	GlobalSection(ProjectConfigurationPlatforms) = postSolution
		{FCA980DD-333E-40A0-A36F-A6B3CD65D0C1}.Debug|Any CPU.ActiveCfg = Debug|Any CPU
		{FCA980DD-333E-40A0-A36F-A6B3CD65D0C1}.Debug|Any CPU.Build.0 = Debug|Any CPU
		{FCA980DD-333E-40A0-A36F-A6B3CD65D0C1}.Release|Any CPU.ActiveCfg = Release|Any CPU
		{FCA980DD-333E-40A0-A36F-A6B3CD65D0C1}.Release|Any CPU.Build.0 = Release|Any CPU
	EndGlobalSection
	GlobalSection(SolutionProperties) = preSolution
		HideSolutionNode = FALSE
	EndGlobalSection
	GlobalSection(ExtensibilityGlobals) = postSolution
		SolutionGuid = {CD5C20A7-8FD1-4085-B143-350011854E3B}
	EndGlobalSection
EndGlobal
